
Microsoft Visual Studio Solution File, Format Version 12.00
# Visual Studio Version 16
VisualStudioVersion = 16.0.31424.327
MinimumVisualStudioVersion = 10.0.40219.1
Project("{FAE04EC0-301F-11D3-BF4B-00C04F79EFBC}") = "YandaFucker", "YandaFucker.csproj", "{4FCB5658-64CC-4186-9C99-02F224BD30EA}"
EndProject
Global
	GlobalSection(SolutionConfigurationPlatforms) = preSolution
		Debug|Any CPU = Debug|Any CPU
		Release|Any CPU = Release|Any CPU
	EndGlobalSection
	GlobalSection(ProjectConfigurationPlatforms) = postSolution
		{4FCB5658-64CC-4186-9C99-02F224BD30EA}.Debug|Any CPU.ActiveCfg = Debug|Any CPU
		{4FCB5658-64CC-4186-9C99-02F224BD30EA}.Debug|Any CPU.Build.0 = Debug|Any CPU
		{4FCB5658-64CC-4186-9C99-02F224BD30EA}.Release|Any CPU.ActiveCfg = Release|Any CPU
		{4FCB5658-64CC-4186-9C99-02F224BD30EA}.Release|Any CPU.Build.0 = Release|Any CPU
	EndGlobalSection
	GlobalSection(SolutionProperties) = preSolution
		HideSolutionNode = FALSE
	EndGlobalSection
	GlobalSection(ExtensibilityGlobals) = postSolution
		SolutionGuid = {DDF4175E-C0C7-406D-95DC-0E26CB6DEB09}
	EndGlobalSection
EndGlobal
